
Microsoft Visual Studio Solution File, Format Version 12.00
# Visual Studio Version 16
VisualStudioVersion = 16.0.31205.134
MinimumVisualStudioVersion = 10.0.40219.1
Project("{FAE04EC0-301F-11D3-BF4B-00C04F79EFBC}") = "LeetCode", "LeetCode\LeetCode.csproj", "{63816A97-6289-4AFC-A3BD-31B5987347A3}"
EndProject
Global
	GlobalSection(SolutionConfigurationPlatforms) = preSolution
		Debug|Any CPU = Debug|Any CPU
		Release|Any CPU = Release|Any CPU
	EndGlobalSection
	GlobalSection(ProjectConfigurationPlatforms) = postSolution
		{63816A97-6289-4AFC-A3BD-31B5987347A3}.Debug|Any CPU.ActiveCfg = Debug|Any CPU
		{63816A97-6289-4AFC-A3BD-31B5987347A3}.Debug|Any CPU.Build.0 = Debug|Any CPU
		{63816A97-6289-4AFC-A3BD-31B5987347A3}.Release|Any CPU.ActiveCfg = Release|Any CPU
		{63816A97-6289-4AFC-A3BD-31B5987347A3}.Release|Any CPU.Build.0 = Release|Any CPU
	EndGlobalSection
	GlobalSection(SolutionProperties) = preSolution
		HideSolutionNode = FALSE
	EndGlobalSection
	GlobalSection(ExtensibilityGlobals) = postSolution
		SolutionGuid = {1E9BEC07-4769-4C64-971A-C8C3D0144225}
	EndGlobalSection
EndGlobal
